// !$*UTF8*$!
{
	archiveVersion = 1;
	classes = {
	};
	objectVersion = 77;
	objects = {

/* Begin PBXBuildFile section */
		03B37551FFD2EA6B018BD881 /* StitchRenderer.swift in Sources */ = {isa = PBXBuildFile; fileRef = D345F22696F83F214C3D448D /* StitchRenderer.swift */; };
		152C95463AC030259036DD98 /* CoreImage.framework in Frameworks */ = {isa = PBXBuildFile; fileRef = 410EF4F1BAC422F4E3F60B3C /* CoreImage.framework */; };
		18512C36D2750E1F169DACCE /* TemporaryFrameStore.swift in Sources */ = {isa = PBXBuildFile; fileRef = 9E215194E72BC39E5C40FF67 /* TemporaryFrameStore.swift */; };
		21CFAD952654A7B8DD46A87F /* simple_article.json in Resources */ = {isa = PBXBuildFile; fileRef = 0B85075191926E43A3F184A9 /* simple_article.json */; };
		26151C07A742675AF68C1EA6 /* ScreenCaptureSession.swift in Sources */ = {isa = PBXBuildFile; fileRef = 840233747631050CAEE827A1 /* ScreenCaptureSession.swift */; };
		29C9B5055A72C7B92A7CC4DD /* settings_list.json in Resources */ = {isa = PBXBuildFile; fileRef = 6D7A2218820036D262FCE258 /* settings_list.json */; };
		2DEE7B53D67BE92058684253 /* OverlapDetector.swift in Sources */ = {isa = PBXBuildFile; fileRef = 6EA261D48411BD2368B1EC0B /* OverlapDetector.swift */; };
		3F118DFC3580655882F151F7 /* image_feed.json in Resources */ = {isa = PBXBuildFile; fileRef = 72C0CDBC6D59F3B9AFDCF807 /* image_feed.json */; };
		43B9002E6BD4F6ABC9E7A43D /* CaptureStateTests.swift in Sources */ = {isa = PBXBuildFile; fileRef = BACD7E7C67B9684FB99501D0 /* CaptureStateTests.swift */; };
		4D8679B9FEBA7B5583663BF1 /* StitchModels.swift in Sources */ = {isa = PBXBuildFile; fileRef = 5146757BE4CAF662FCBA5517 /* StitchModels.swift */; };
		536CD4F98308A9C0C5980476 /* CaptureView.swift in Sources */ = {isa = PBXBuildFile; fileRef = B31476582D321978DDC5F0C4 /* CaptureView.swift */; };
		56BC68C05E52BBA736AEA1AE /* CaptureState.swift in Sources */ = {isa = PBXBuildFile; fileRef = E6E44AE88EEFCF88819877F4 /* CaptureState.swift */; };
		5930FAEC6F47205A747B1CE0 /* CaptureDiagnostics.swift in Sources */ = {isa = PBXBuildFile; fileRef = 0E7FD86AB06C0511D29F88FE /* CaptureDiagnostics.swift */; };
		59D560F1A29B319C64FD3161 /* FrameSignatureBuilder.swift in Sources */ = {isa = PBXBuildFile; fileRef = A3F9BF85BBCB707E37C29728 /* FrameSignatureBuilder.swift */; };
		5F8481B296202EDC42AAEDBA /* FrameSampler.swift in Sources */ = {isa = PBXBuildFile; fileRef = 7FC93B1DA8E97572AB68BDD6 /* FrameSampler.swift */; };
		66E4A23B8D26D8C15CA1DC03 /* FrameSamplingEngineTests.swift in Sources */ = {isa = PBXBuildFile; fileRef = 5EF73C1717CF4154814A07C1 /* FrameSamplingEngineTests.swift */; };
		75D41CEBF29191720A56DFD6 /* StitchEngineTests.swift in Sources */ = {isa = PBXBuildFile; fileRef = CB1C59BD68A4F06F120D5B62 /* StitchEngineTests.swift */; };
		77DA349D23CAF9D9F68CC655 /* edge_cases.json in Resources */ = {isa = PBXBuildFile; fileRef = 8FBB039F9084B6197726F016 /* edge_cases.json */; };
		93913649B8724A4241BD9C57 /* TemporaryFrameStoreTests.swift in Sources */ = {isa = PBXBuildFile; fileRef = 81161C42712775549814D7CE /* TemporaryFrameStoreTests.swift */; };
		995561DFFCDF599A6072DA77 /* CaptureDiagnosticsTests.swift in Sources */ = {isa = PBXBuildFile; fileRef = 94BB4159FC2FA8144E986031 /* CaptureDiagnosticsTests.swift */; };
		AB66A6C4ABE8D7EDA067FB23 /* ImageIO.framework in Frameworks */ = {isa = PBXBuildFile; fileRef = A0174F711169F55EEF92844A /* ImageIO.framework */; };
		AE91A9A69E83BD91568DA3F8 /* StitchEngine.swift in Sources */ = {isa = PBXBuildFile; fileRef = CCDAB92ECCF12876490FABE0 /* StitchEngine.swift */; };
		B127BDFE26D372A1D30902C4 /* ScreenCaptureManager.swift in Sources */ = {isa = PBXBuildFile; fileRef = AA61F861091E15D9572041D5 /* ScreenCaptureManager.swift */; };
		D053F6D6F4528B1295F06403 /* FrameSamplingModels.swift in Sources */ = {isa = PBXBuildFile; fileRef = 87F9BC0098E79B9B1D5DE8C2 /* FrameSamplingModels.swift */; };
		D7E744E24AF314527440D405 /* FrameSamplingEngine.swift in Sources */ = {isa = PBXBuildFile; fileRef = 3927444221A87DBF4D1C0FF4 /* FrameSamplingEngine.swift */; };
		DAF96E53702990A81057503C /* HomeView.swift in Sources */ = {isa = PBXBuildFile; fileRef = BD849587C04D847B77892A7A /* HomeView.swift */; };
		DD7BF6CF5045B7E2E97EE52D /* ScreenCaptureKit.framework in Frameworks */ = {isa = PBXBuildFile; fileRef = 853D9693B052841B7F3F03D3 /* ScreenCaptureKit.framework */; };
		E917AFF830B313237B74FF93 /* StreamOutputHandler.swift in Sources */ = {isa = PBXBuildFile; fileRef = 7B6A8B1C845558917DF30B78 /* StreamOutputHandler.swift */; };
		F0D65FE07825601A940F6DAF /* chat_style.json in Resources */ = {isa = PBXBuildFile; fileRef = CEED068576C8A2CF39D522CF /* chat_style.json */; };
		FCC0BEB241CD37FE56B3BD02 /* LongShotApp.swift in Sources */ = {isa = PBXBuildFile; fileRef = 35C8DB771BD46EA00D431C43 /* LongShotApp.swift */; };
		FD7851F10CB847BDC00384EA /* FrameAnalyzer.swift in Sources */ = {isa = PBXBuildFile; fileRef = 918627045470DC400C04CC6E /* FrameAnalyzer.swift */; };
/* End PBXBuildFile section */

/* Begin PBXContainerItemProxy section */
		BA1BA34E1304476F10F031FD /* PBXContainerItemProxy */ = {
			isa = PBXContainerItemProxy;
			containerPortal = C35E8B050CF13A0003FA0D6E /* Project object */;
			proxyType = 1;
			remoteGlobalIDString = 997B31EA916C0372E94FAFDD;
			remoteInfo = LongShot;
		};
/* End PBXContainerItemProxy section */

/* Begin PBXFileReference section */
		0B85075191926E43A3F184A9 /* simple_article.json */ = {isa = PBXFileReference; lastKnownFileType = text.json; path = simple_article.json; sourceTree = "<group>"; };
		0E7FD86AB06C0511D29F88FE /* CaptureDiagnostics.swift */ = {isa = PBXFileReference; lastKnownFileType = sourcecode.swift; path = CaptureDiagnostics.swift; sourceTree = "<group>"; };
		3281F9AC9A9FCC7EBE25E22A /* LongShotTests.xctest */ = {isa = PBXFileReference; includeInIndex = 0; lastKnownFileType = wrapper.cfbundle; path = LongShotTests.xctest; sourceTree = BUILT_PRODUCTS_DIR; };
		35C8DB771BD46EA00D431C43 /* LongShotApp.swift */ = {isa = PBXFileReference; lastKnownFileType = sourcecode.swift; path = LongShotApp.swift; sourceTree = "<group>"; };
		3927444221A87DBF4D1C0FF4 /* FrameSamplingEngine.swift */ = {isa = PBXFileReference; lastKnownFileType = sourcecode.swift; path = FrameSamplingEngine.swift; sourceTree = "<group>"; };
		410EF4F1BAC422F4E3F60B3C /* CoreImage.framework */ = {isa = PBXFileReference; lastKnownFileType = wrapper.framework; name = CoreImage.framework; path = System/Library/Frameworks/CoreImage.framework; sourceTree = SDKROOT; };
		5146757BE4CAF662FCBA5517 /* StitchModels.swift */ = {isa = PBXFileReference; lastKnownFileType = sourcecode.swift; path = StitchModels.swift; sourceTree = "<group>"; };
		5EF73C1717CF4154814A07C1 /* FrameSamplingEngineTests.swift */ = {isa = PBXFileReference; lastKnownFileType = sourcecode.swift; path = FrameSamplingEngineTests.swift; sourceTree = "<group>"; };
		6D7A2218820036D262FCE258 /* settings_list.json */ = {isa = PBXFileReference; lastKnownFileType = text.json; path = settings_list.json; sourceTree = "<group>"; };
		6EA261D48411BD2368B1EC0B /* OverlapDetector.swift */ = {isa = PBXFileReference; lastKnownFileType = sourcecode.swift; path = OverlapDetector.swift; sourceTree = "<group>"; };
		72C0CDBC6D59F3B9AFDCF807 /* image_feed.json */ = {isa = PBXFileReference; lastKnownFileType = text.json; path = image_feed.json; sourceTree = "<group>"; };
		7B6A8B1C845558917DF30B78 /* StreamOutputHandler.swift */ = {isa = PBXFileReference; lastKnownFileType = sourcecode.swift; path = StreamOutputHandler.swift; sourceTree = "<group>"; };
		7FC93B1DA8E97572AB68BDD6 /* FrameSampler.swift */ = {isa = PBXFileReference; lastKnownFileType = sourcecode.swift; path = FrameSampler.swift; sourceTree = "<group>"; };
		81161C42712775549814D7CE /* TemporaryFrameStoreTests.swift */ = {isa = PBXFileReference; lastKnownFileType = sourcecode.swift; path = TemporaryFrameStoreTests.swift; sourceTree = "<group>"; };
		840233747631050CAEE827A1 /* ScreenCaptureSession.swift */ = {isa = PBXFileReference; lastKnownFileType = sourcecode.swift; path = ScreenCaptureSession.swift; sourceTree = "<group>"; };
		853D9693B052841B7F3F03D3 /* ScreenCaptureKit.framework */ = {isa = PBXFileReference; lastKnownFileType = wrapper.framework; name = ScreenCaptureKit.framework; path = System/Library/Frameworks/ScreenCaptureKit.framework; sourceTree = SDKROOT; };
		85A7CD09603EB6898B2510CB /* LongShot.app */ = {isa = PBXFileReference; includeInIndex = 0; lastKnownFileType = wrapper.application; path = LongShot.app; sourceTree = BUILT_PRODUCTS_DIR; };
		87F9BC0098E79B9B1D5DE8C2 /* FrameSamplingModels.swift */ = {isa = PBXFileReference; lastKnownFileType = sourcecode.swift; path = FrameSamplingModels.swift; sourceTree = "<group>"; };
		8FBB039F9084B6197726F016 /* edge_cases.json */ = {isa = PBXFileReference; lastKnownFileType = text.json; path = edge_cases.json; sourceTree = "<group>"; };
		918627045470DC400C04CC6E /* FrameAnalyzer.swift */ = {isa = PBXFileReference; lastKnownFileType = sourcecode.swift; path = FrameAnalyzer.swift; sourceTree = "<group>"; };
		94BB4159FC2FA8144E986031 /* CaptureDiagnosticsTests.swift */ = {isa = PBXFileReference; lastKnownFileType = sourcecode.swift; path = CaptureDiagnosticsTests.swift; sourceTree = "<group>"; };
		9E215194E72BC39E5C40FF67 /* TemporaryFrameStore.swift */ = {isa = PBXFileReference; lastKnownFileType = sourcecode.swift; path = TemporaryFrameStore.swift; sourceTree = "<group>"; };
		A0174F711169F55EEF92844A /* ImageIO.framework */ = {isa = PBXFileReference; lastKnownFileType = wrapper.framework; name = ImageIO.framework; path = System/Library/Frameworks/ImageIO.framework; sourceTree = SDKROOT; };
		A3F9BF85BBCB707E37C29728 /* FrameSignatureBuilder.swift */ = {isa = PBXFileReference; lastKnownFileType = sourcecode.swift; path = FrameSignatureBuilder.swift; sourceTree = "<group>"; };
		AA61F861091E15D9572041D5 /* ScreenCaptureManager.swift */ = {isa = PBXFileReference; lastKnownFileType = sourcecode.swift; path = ScreenCaptureManager.swift; sourceTree = "<group>"; };
		AD58AB8E92A5026671F25DFD /* Info.plist */ = {isa = PBXFileReference; lastKnownFileType = text.plist; path = Info.plist; sourceTree = "<group>"; };
		B31476582D321978DDC5F0C4 /* CaptureView.swift */ = {isa = PBXFileReference; lastKnownFileType = sourcecode.swift; path = CaptureView.swift; sourceTree = "<group>"; };
		BACD7E7C67B9684FB99501D0 /* CaptureStateTests.swift */ = {isa = PBXFileReference; lastKnownFileType = sourcecode.swift; path = CaptureStateTests.swift; sourceTree = "<group>"; };
		BD849587C04D847B77892A7A /* HomeView.swift */ = {isa = PBXFileReference; lastKnownFileType = sourcecode.swift; path = HomeView.swift; sourceTree = "<group>"; };
		CB1C59BD68A4F06F120D5B62 /* StitchEngineTests.swift */ = {isa = PBXFileReference; lastKnownFileType = sourcecode.swift; path = StitchEngineTests.swift; sourceTree = "<group>"; };
		CCDAB92ECCF12876490FABE0 /* StitchEngine.swift */ = {isa = PBXFileReference; lastKnownFileType = sourcecode.swift; path = StitchEngine.swift; sourceTree = "<group>"; };
		CEED068576C8A2CF39D522CF /* chat_style.json */ = {isa = PBXFileReference; lastKnownFileType = text.json; path = chat_style.json; sourceTree = "<group>"; };
		D345F22696F83F214C3D448D /* StitchRenderer.swift */ = {isa = PBXFileReference; lastKnownFileType = sourcecode.swift; path = StitchRenderer.swift; sourceTree = "<group>"; };
		E6E44AE88EEFCF88819877F4 /* CaptureState.swift */ = {isa = PBXFileReference; lastKnownFileType = sourcecode.swift; path = CaptureState.swift; sourceTree = "<group>"; };
/* End PBXFileReference section */

/* Begin PBXFrameworksBuildPhase section */
		8F3D3D8CC110F2D55FD137E6 /* Frameworks */ = {
			isa = PBXFrameworksBuildPhase;
			buildActionMask = 2147483647;
			files = (
				DD7BF6CF5045B7E2E97EE52D /* ScreenCaptureKit.framework in Frameworks */,
				152C95463AC030259036DD98 /* CoreImage.framework in Frameworks */,
				AB66A6C4ABE8D7EDA067FB23 /* ImageIO.framework in Frameworks */,
			);
			runOnlyForDeploymentPostprocessing = 0;
		};
/* End PBXFrameworksBuildPhase section */

/* Begin PBXGroup section */
		0424D59EC324E5BC29856442 /* App */ = {
			isa = PBXGroup;
			children = (
				35C8DB771BD46EA00D431C43 /* LongShotApp.swift */,
			);
			path = App;
			sourceTree = "<group>";
		};
		0AFF0A1596E7DC695ED94E25 /* Capture */ = {
			isa = PBXGroup;
			children = (
				7FC93B1DA8E97572AB68BDD6 /* FrameSampler.swift */,
				3927444221A87DBF4D1C0FF4 /* FrameSamplingEngine.swift */,
				87F9BC0098E79B9B1D5DE8C2 /* FrameSamplingModels.swift */,
				A3F9BF85BBCB707E37C29728 /* FrameSignatureBuilder.swift */,
				AA61F861091E15D9572041D5 /* ScreenCaptureManager.swift */,
				840233747631050CAEE827A1 /* ScreenCaptureSession.swift */,
				7B6A8B1C845558917DF30B78 /* StreamOutputHandler.swift */,
			);
			path = Capture;
			sourceTree = "<group>";
		};
		2411211822AB36C77051D1FF /* Fixtures */ = {
			isa = PBXGroup;
			children = (
				561504BE08923F79DEC88A4C /* chat_style */,
				8C805604D0DDFC8BF9A459BB /* edge_cases */,
				D231404454C58C6E2480B47F /* image_feed */,
				F6EBAD6FD6C22186C62518B8 /* settings_list */,
				C41A1FFE62FA320DAE664F24 /* simple_article */,
			);
			path = Fixtures;
			sourceTree = "<group>";
		};
		2635E9BC6F66774B0E893504 /* Features */ = {
			isa = PBXGroup;
			children = (
				5F1EBB1D42FF7CDF9739C38B /* Capture */,
				F5FACDF00BBC21F17C2923D1 /* Home */,
			);
			path = Features;
			sourceTree = "<group>";
		};
		488131467FDBD77191234CA3 /* Frameworks */ = {
			isa = PBXGroup;
			children = (
				410EF4F1BAC422F4E3F60B3C /* CoreImage.framework */,
				A0174F711169F55EEF92844A /* ImageIO.framework */,
				853D9693B052841B7F3F03D3 /* ScreenCaptureKit.framework */,
			);
			name = Frameworks;
			sourceTree = "<group>";
		};
		561504BE08923F79DEC88A4C /* chat_style */ = {
			isa = PBXGroup;
			children = (
				CEED068576C8A2CF39D522CF /* chat_style.json */,
			);
			path = chat_style;
			sourceTree = "<group>";
		};
		5F1EBB1D42FF7CDF9739C38B /* Capture */ = {
			isa = PBXGroup;
			children = (
				B31476582D321978DDC5F0C4 /* CaptureView.swift */,
			);
			path = Capture;
			sourceTree = "<group>";
		};
		611797A1EDDDFE238BECC619 /* Models */ = {
			isa = PBXGroup;
			children = (
				E6E44AE88EEFCF88819877F4 /* CaptureState.swift */,
			);
			path = Models;
			sourceTree = "<group>";
		};
		61FB085E8FDB92F62186D410 /* LongShotTests */ = {
			isa = PBXGroup;
			children = (
				94BB4159FC2FA8144E986031 /* CaptureDiagnosticsTests.swift */,
				BACD7E7C67B9684FB99501D0 /* CaptureStateTests.swift */,
				5EF73C1717CF4154814A07C1 /* FrameSamplingEngineTests.swift */,
				CB1C59BD68A4F06F120D5B62 /* StitchEngineTests.swift */,
				81161C42712775549814D7CE /* TemporaryFrameStoreTests.swift */,
				2411211822AB36C77051D1FF /* Fixtures */,
			);
			path = LongShotTests;
			sourceTree = "<group>";
		};
		84CD48A47ACDFF91A4AF9615 /* Core */ = {
			isa = PBXGroup;
			children = (
				0AFF0A1596E7DC695ED94E25 /* Capture */,
				EED0AF2EF964A6B560BABEF4 /* Diagnostics */,
				ACAC3F6A75E398A2D1506046 /* Stitching */,
				C33839F3A30A399F457D91C9 /* Storage */,
			);
			path = Core;
			sourceTree = "<group>";
		};
		8C805604D0DDFC8BF9A459BB /* edge_cases */ = {
			isa = PBXGroup;
			children = (
				8FBB039F9084B6197726F016 /* edge_cases.json */,
			);
			path = edge_cases;
			sourceTree = "<group>";
		};
		93C0ECA02386DB0BAAC69952 /* LongShot */ = {
			isa = PBXGroup;
			children = (
				AD58AB8E92A5026671F25DFD /* Info.plist */,
				0424D59EC324E5BC29856442 /* App */,
				84CD48A47ACDFF91A4AF9615 /* Core */,
				2635E9BC6F66774B0E893504 /* Features */,
				611797A1EDDDFE238BECC619 /* Models */,
			);
			path = LongShot;
			sourceTree = "<group>";
		};
		ACAC3F6A75E398A2D1506046 /* Stitching */ = {
			isa = PBXGroup;
			children = (
				918627045470DC400C04CC6E /* FrameAnalyzer.swift */,
				6EA261D48411BD2368B1EC0B /* OverlapDetector.swift */,
				CCDAB92ECCF12876490FABE0 /* StitchEngine.swift */,
				5146757BE4CAF662FCBA5517 /* StitchModels.swift */,
				D345F22696F83F214C3D448D /* StitchRenderer.swift */,
			);
			path = Stitching;
			sourceTree = "<group>";
		};
		C33839F3A30A399F457D91C9 /* Storage */ = {
			isa = PBXGroup;
			children = (
				9E215194E72BC39E5C40FF67 /* TemporaryFrameStore.swift */,
			);
			path = Storage;
			sourceTree = "<group>";
		};
		C41A1FFE62FA320DAE664F24 /* simple_article */ = {
			isa = PBXGroup;
			children = (
				0B85075191926E43A3F184A9 /* simple_article.json */,
			);
			path = simple_article;
			sourceTree = "<group>";
		};
		CCBDC439A21D90A52AC2846E = {
			isa = PBXGroup;
			children = (
				93C0ECA02386DB0BAAC69952 /* LongShot */,
				61FB085E8FDB92F62186D410 /* LongShotTests */,
				488131467FDBD77191234CA3 /* Frameworks */,
				D551CABD8B218F6AECCD12AA /* Products */,
			);
			sourceTree = "<group>";
		};
		D231404454C58C6E2480B47F /* image_feed */ = {
			isa = PBXGroup;
			children = (
				72C0CDBC6D59F3B9AFDCF807 /* image_feed.json */,
			);
			path = image_feed;
			sourceTree = "<group>";
		};
		D551CABD8B218F6AECCD12AA /* Products */ = {
			isa = PBXGroup;
			children = (
				85A7CD09603EB6898B2510CB /* LongShot.app */,
				3281F9AC9A9FCC7EBE25E22A /* LongShotTests.xctest */,
			);
			name = Products;
			sourceTree = "<group>";
		};
		EED0AF2EF964A6B560BABEF4 /* Diagnostics */ = {
			isa = PBXGroup;
			children = (
				0E7FD86AB06C0511D29F88FE /* CaptureDiagnostics.swift */,
			);
			path = Diagnostics;
			sourceTree = "<group>";
		};
		F5FACDF00BBC21F17C2923D1 /* Home */ = {
			isa = PBXGroup;
			children = (
				BD849587C04D847B77892A7A /* HomeView.swift */,
			);
			path = Home;
			sourceTree = "<group>";
		};
		F6EBAD6FD6C22186C62518B8 /* settings_list */ = {
			isa = PBXGroup;
			children = (
				6D7A2218820036D262FCE258 /* settings_list.json */,
			);
			path = settings_list;
			sourceTree = "<group>";
		};
/* End PBXGroup section */

/* Begin PBXNativeTarget section */
		00FAEA559AD0FDD82995336C /* LongShotTests */ = {
			isa = PBXNativeTarget;
			buildConfigurationList = 6DA1AEDA14267FA66D016695 /* Build configuration list for PBXNativeTarget "LongShotTests" */;
			buildPhases = (
				9262407C5521E5B169DE6D89 /* Sources */,
				2E28C2D4A7D798F830EF557A /* Resources */,
			);
			buildRules = (
			);
			dependencies = (
				A9EB55209D625099C0797EEA /* PBXTargetDependency */,
			);
			name = LongShotTests;
			packageProductDependencies = (
			);
			productName = LongShotTests;
			productReference = 3281F9AC9A9FCC7EBE25E22A /* LongShotTests.xctest */;
			productType = "com.apple.product-type.bundle.unit-test";
		};
		997B31EA916C0372E94FAFDD /* LongShot */ = {
			isa = PBXNativeTarget;
			buildConfigurationList = F74B4A6FBC98D790DD9B1DC0 /* Build configuration list for PBXNativeTarget "LongShot" */;
			buildPhases = (
				A90803D26E7EA76ACB036C3F /* Sources */,
				8F3D3D8CC110F2D55FD137E6 /* Frameworks */,
			);
			buildRules = (
			);
			dependencies = (
			);
			name = LongShot;
			packageProductDependencies = (
			);
			productName = LongShot;
			productReference = 85A7CD09603EB6898B2510CB /* LongShot.app */;
			productType = "com.apple.product-type.application";
		};
/* End PBXNativeTarget section */

/* Begin PBXProject section */
		C35E8B050CF13A0003FA0D6E /* Project object */ = {
			isa = PBXProject;
			attributes = {
				BuildIndependentTargetsInParallel = YES;
				LastUpgradeCheck = 1430;
				TargetAttributes = {
				};
			};
			buildConfigurationList = 867862CF2E4471F6D6AF68CC /* Build configuration list for PBXProject "LongShot" */;
			developmentRegion = en;
			hasScannedForEncodings = 0;
			knownRegions = (
				Base,
				en,
			);
			mainGroup = CCBDC439A21D90A52AC2846E;
			minimizedProjectReferenceProxies = 1;
			preferredProjectObjectVersion = 77;
			productRefGroup = D551CABD8B218F6AECCD12AA /* Products */;
			projectDirPath = "";
			projectRoot = "";
			targets = (
				997B31EA916C0372E94FAFDD /* LongShot */,
				00FAEA559AD0FDD82995336C /* LongShotTests */,
			);
		};
/* End PBXProject section */

/* Begin PBXResourcesBuildPhase section */
		2E28C2D4A7D798F830EF557A /* Resources */ = {
			isa = PBXResourcesBuildPhase;
			buildActionMask = 2147483647;
			files = (
				F0D65FE07825601A940F6DAF /* chat_style.json in Resources */,
				77DA349D23CAF9D9F68CC655 /* edge_cases.json in Resources */,
				3F118DFC3580655882F151F7 /* image_feed.json in Resources */,
				29C9B5055A72C7B92A7CC4DD /* settings_list.json in Resources */,
				21CFAD952654A7B8DD46A87F /* simple_article.json in Resources */,
			);
			runOnlyForDeploymentPostprocessing = 0;
		};
/* End PBXResourcesBuildPhase section */

/* Begin PBXSourcesBuildPhase section */
		9262407C5521E5B169DE6D89 /* Sources */ = {
			isa = PBXSourcesBuildPhase;
			buildActionMask = 2147483647;
			files = (
				995561DFFCDF599A6072DA77 /* CaptureDiagnosticsTests.swift in Sources */,
				43B9002E6BD4F6ABC9E7A43D /* CaptureStateTests.swift in Sources */,
				66E4A23B8D26D8C15CA1DC03 /* FrameSamplingEngineTests.swift in Sources */,
				75D41CEBF29191720A56DFD6 /* StitchEngineTests.swift in Sources */,
				93913649B8724A4241BD9C57 /* TemporaryFrameStoreTests.swift in Sources */,
			);
			runOnlyForDeploymentPostprocessing = 0;
		};
		A90803D26E7EA76ACB036C3F /* Sources */ = {
			isa = PBXSourcesBuildPhase;
			buildActionMask = 2147483647;
			files = (
				5930FAEC6F47205A747B1CE0 /* CaptureDiagnostics.swift in Sources */,
				56BC68C05E52BBA736AEA1AE /* CaptureState.swift in Sources */,
				536CD4F98308A9C0C5980476 /* CaptureView.swift in Sources */,
				FD7851F10CB847BDC00384EA /* FrameAnalyzer.swift in Sources */,
				5F8481B296202EDC42AAEDBA /* FrameSampler.swift in Sources */,
				D7E744E24AF314527440D405 /* FrameSamplingEngine.swift in Sources */,
				D053F6D6F4528B1295F06403 /* FrameSamplingModels.swift in Sources */,
				59D560F1A29B319C64FD3161 /* FrameSignatureBuilder.swift in Sources */,
				DAF96E53702990A81057503C /* HomeView.swift in Sources */,
				FCC0BEB241CD37FE56B3BD02 /* LongShotApp.swift in Sources */,
				2DEE7B53D67BE92058684253 /* OverlapDetector.swift in Sources */,
				B127BDFE26D372A1D30902C4 /* ScreenCaptureManager.swift in Sources */,
				26151C07A742675AF68C1EA6 /* ScreenCaptureSession.swift in Sources */,
				AE91A9A69E83BD91568DA3F8 /* StitchEngine.swift in Sources */,
				4D8679B9FEBA7B5583663BF1 /* StitchModels.swift in Sources */,
				03B37551FFD2EA6B018BD881 /* StitchRenderer.swift in Sources */,
				E917AFF830B313237B74FF93 /* StreamOutputHandler.swift in Sources */,
				18512C36D2750E1F169DACCE /* TemporaryFrameStore.swift in Sources */,
			);
			runOnlyForDeploymentPostprocessing = 0;
		};
/* End PBXSourcesBuildPhase section */

/* Begin PBXTargetDependency section */
		A9EB55209D625099C0797EEA /* PBXTargetDependency */ = {
			isa = PBXTargetDependency;
			target = 997B31EA916C0372E94FAFDD /* LongShot */;
			targetProxy = BA1BA34E1304476F10F031FD /* PBXContainerItemProxy */;
		};
/* End PBXTargetDependency section */

/* Begin XCBuildConfiguration section */
		3227E03CE0F3997251EE65B4 /* Debug */ = {
			isa = XCBuildConfiguration;
			buildSettings = {
				BUNDLE_LOADER = "$(TEST_HOST)";
				GENERATE_INFOPLIST_FILE = YES;
				LD_RUNPATH_SEARCH_PATHS = (
					"$(inherited)",
					"@executable_path/Frameworks",
					"@loader_path/Frameworks",
				);
				PRODUCT_BUNDLE_IDENTIFIER = com.example.LongShotTests;
				SDKROOT = iphoneos;
				TARGETED_DEVICE_FAMILY = 1;
				TEST_HOST = "$(BUILT_PRODUCTS_DIR)/LongShot.app/LongShot";
			};
			name = Debug;
		};
		A66DA220B962A316F358443D /* Debug */ = {
			isa = XCBuildConfiguration;
			buildSettings = {
				ASSETCATALOG_COMPILER_APPICON_NAME = AppIcon;
				ASSETCATALOG_COMPILER_GENERATE_SWIFT_ASSET_SYMBOL_EXTENSIONS = YES;
				CODE_SIGN_IDENTITY = "iPhone Developer";
				INFOPLIST_FILE = LongShot/Info.plist;
				LD_RUNPATH_SEARCH_PATHS = (
					"$(inherited)",
					"@executable_path/Frameworks",
				);
				PRODUCT_NAME = LongShot;
				SDKROOT = iphoneos;
				TARGETED_DEVICE_FAMILY = 1;
			};
			name = Debug;
		};
		A7BA3593BB261A17E0D49851 /* Release */ = {
			isa = XCBuildConfiguration;
			buildSettings = {
				ASSETCATALOG_COMPILER_APPICON_NAME = AppIcon;
				ASSETCATALOG_COMPILER_GENERATE_SWIFT_ASSET_SYMBOL_EXTENSIONS = YES;
				CODE_SIGN_IDENTITY = "iPhone Developer";
				INFOPLIST_FILE = LongShot/Info.plist;
				LD_RUNPATH_SEARCH_PATHS = (
					"$(inherited)",
					"@executable_path/Frameworks",
				);
				PRODUCT_NAME = LongShot;
				SDKROOT = iphoneos;
				TARGETED_DEVICE_FAMILY = 1;
			};
			name = Release;
		};
		C3009FE43D0162C1A262B21F /* Debug */ = {
			isa = XCBuildConfiguration;
			buildSettings = {
				ALWAYS_SEARCH_USER_PATHS = NO;
				CLANG_ANALYZER_NONNULL = YES;
				CLANG_ANALYZER_NUMBER_OBJECT_CONVERSION = YES_AGGRESSIVE;
				CLANG_CXX_LANGUAGE_STANDARD = "gnu++14";
				CLANG_CXX_LIBRARY = "libc++";
				CLANG_ENABLE_MODULES = YES;
				CLANG_ENABLE_OBJC_ARC = YES;
				CLANG_ENABLE_OBJC_WEAK = YES;
				CLANG_WARN_BLOCK_CAPTURE_AUTORELEASING = YES;
				CLANG_WARN_BOOL_CONVERSION = YES;
				CLANG_WARN_COMMA = YES;
				CLANG_WARN_CONSTANT_CONVERSION = YES;
				CLANG_WARN_DEPRECATED_OBJC_IMPLEMENTATIONS = YES;
				CLANG_WARN_DIRECT_OBJC_ISA_USAGE = YES_ERROR;
				CLANG_WARN_DOCUMENTATION_COMMENTS = YES;
				CLANG_WARN_EMPTY_BODY = YES;
				CLANG_WARN_ENUM_CONVERSION = YES;
				CLANG_WARN_INFINITE_RECURSION = YES;
				CLANG_WARN_INT_CONVERSION = YES;
				CLANG_WARN_NON_LITERAL_NULL_CONVERSION = YES;
				CLANG_WARN_OBJC_IMPLICIT_RETAIN_SELF = YES;
				CLANG_WARN_OBJC_LITERAL_CONVERSION = YES;
				CLANG_WARN_OBJC_ROOT_CLASS = YES_ERROR;
				CLANG_WARN_QUOTED_INCLUDE_IN_FRAMEWORK_HEADER = YES;
				CLANG_WARN_RANGE_LOOP_ANALYSIS = YES;
				CLANG_WARN_STRICT_PROTOTYPES = YES;
				CLANG_WARN_SUSPICIOUS_MOVE = YES;
				CLANG_WARN_UNGUARDED_AVAILABILITY = YES_AGGRESSIVE;
				CLANG_WARN_UNREACHABLE_CODE = YES;
				CLANG_WARN__DUPLICATE_METHOD_MATCH = YES;
				COPY_PHASE_STRIP = NO;
				CURRENT_PROJECT_VERSION = 1;
				DEBUG_INFORMATION_FORMAT = dwarf;
				ENABLE_STRICT_OBJC_MSGSEND = YES;
				ENABLE_TESTABILITY = YES;
				GCC_C_LANGUAGE_STANDARD = gnu11;
				GCC_DYNAMIC_NO_PIC = NO;
				GCC_NO_COMMON_BLOCKS = YES;
				GCC_OPTIMIZATION_LEVEL = 0;
				GCC_PREPROCESSOR_DEFINITIONS = (
					"$(inherited)",
					"DEBUG=1",
				);
				GCC_WARN_64_TO_32_BIT_CONVERSION = YES;
				GCC_WARN_ABOUT_RETURN_TYPE = YES_ERROR;
				GCC_WARN_UNDECLARED_SELECTOR = YES;
				GCC_WARN_UNINITIALIZED_AUTOS = YES_AGGRESSIVE;
				GCC_WARN_UNUSED_FUNCTION = YES;
				GCC_WARN_UNUSED_VARIABLE = YES;
				IPHONEOS_DEPLOYMENT_TARGET = 27.0;
				MARKETING_VERSION = 0.1.0;
				MTL_ENABLE_DEBUG_INFO = INCLUDE_SOURCE;
				MTL_FAST_MATH = YES;
				ONLY_ACTIVE_ARCH = YES;
				PRODUCT_BUNDLE_IDENTIFIER = com.example.LongShot;
				PRODUCT_NAME = "$(TARGET_NAME)";
				SDKROOT = iphoneos;
				SUPPORTS_MACCATALYST = NO;
				SWIFT_ACTIVE_COMPILATION_CONDITIONS = DEBUG;
				SWIFT_OPTIMIZATION_LEVEL = "-Onone";
				SWIFT_VERSION = 5.0;
				TARGETED_DEVICE_FAMILY = 1;
			};
			name = Debug;
		};
		C5894E49FFF5D9766E15BD67 /* Release */ = {
			isa = XCBuildConfiguration;
			buildSettings = {
				BUNDLE_LOADER = "$(TEST_HOST)";
				GENERATE_INFOPLIST_FILE = YES;
				LD_RUNPATH_SEARCH_PATHS = (
					"$(inherited)",
					"@executable_path/Frameworks",
					"@loader_path/Frameworks",
				);
				PRODUCT_BUNDLE_IDENTIFIER = com.example.LongShotTests;
				SDKROOT = iphoneos;
				TARGETED_DEVICE_FAMILY = 1;
				TEST_HOST = "$(BUILT_PRODUCTS_DIR)/LongShot.app/LongShot";
			};
			name = Release;
		};
		EC7B708803D9DAF598C1178D /* Release */ = {
			isa = XCBuildConfiguration;
			buildSettings = {
				ALWAYS_SEARCH_USER_PATHS = NO;
				CLANG_ANALYZER_NONNULL = YES;
				CLANG_ANALYZER_NUMBER_OBJECT_CONVERSION = YES_AGGRESSIVE;
				CLANG_CXX_LANGUAGE_STANDARD = "gnu++14";
				CLANG_CXX_LIBRARY = "libc++";
				CLANG_ENABLE_MODULES = YES;
				CLANG_ENABLE_OBJC_ARC = YES;
				CLANG_ENABLE_OBJC_WEAK = YES;
				CLANG_WARN_BLOCK_CAPTURE_AUTORELEASING = YES;
				CLANG_WARN_BOOL_CONVERSION = YES;
				CLANG_WARN_COMMA = YES;
				CLANG_WARN_CONSTANT_CONVERSION = YES;
				CLANG_WARN_DEPRECATED_OBJC_IMPLEMENTATIONS = YES;
				CLANG_WARN_DIRECT_OBJC_ISA_USAGE = YES_ERROR;
				CLANG_WARN_DOCUMENTATION_COMMENTS = YES;
				CLANG_WARN_EMPTY_BODY = YES;
				CLANG_WARN_ENUM_CONVERSION = YES;
				CLANG_WARN_INFINITE_RECURSION = YES;
				CLANG_WARN_INT_CONVERSION = YES;
				CLANG_WARN_NON_LITERAL_NULL_CONVERSION = YES;
				CLANG_WARN_OBJC_IMPLICIT_RETAIN_SELF = YES;
				CLANG_WARN_OBJC_LITERAL_CONVERSION = YES;
				CLANG_WARN_OBJC_ROOT_CLASS = YES_ERROR;
				CLANG_WARN_QUOTED_INCLUDE_IN_FRAMEWORK_HEADER = YES;
				CLANG_WARN_RANGE_LOOP_ANALYSIS = YES;
				CLANG_WARN_STRICT_PROTOTYPES = YES;
				CLANG_WARN_SUSPICIOUS_MOVE = YES;
				CLANG_WARN_UNGUARDED_AVAILABILITY = YES_AGGRESSIVE;
				CLANG_WARN_UNREACHABLE_CODE = YES;
				CLANG_WARN__DUPLICATE_METHOD_MATCH = YES;
				COPY_PHASE_STRIP = NO;
				CURRENT_PROJECT_VERSION = 1;
				DEBUG_INFORMATION_FORMAT = "dwarf-with-dsym";
				ENABLE_NS_ASSERTIONS = NO;
				ENABLE_STRICT_OBJC_MSGSEND = YES;
				GCC_C_LANGUAGE_STANDARD = gnu11;
				GCC_NO_COMMON_BLOCKS = YES;
				GCC_WARN_64_TO_32_BIT_CONVERSION = YES;
				GCC_WARN_ABOUT_RETURN_TYPE = YES_ERROR;
				GCC_WARN_UNDECLARED_SELECTOR = YES;
				GCC_WARN_UNINITIALIZED_AUTOS = YES_AGGRESSIVE;
				GCC_WARN_UNUSED_FUNCTION = YES;
				GCC_WARN_UNUSED_VARIABLE = YES;
				IPHONEOS_DEPLOYMENT_TARGET = 27.0;
				MARKETING_VERSION = 0.1.0;
				MTL_ENABLE_DEBUG_INFO = NO;
				MTL_FAST_MATH = YES;
				PRODUCT_BUNDLE_IDENTIFIER = com.example.LongShot;
				PRODUCT_NAME = "$(TARGET_NAME)";
				SDKROOT = iphoneos;
				SUPPORTS_MACCATALYST = NO;
				SWIFT_COMPILATION_MODE = wholemodule;
				SWIFT_OPTIMIZATION_LEVEL = "-O";
				SWIFT_VERSION = 5.0;
				TARGETED_DEVICE_FAMILY = 1;
			};
			name = Release;
		};
/* End XCBuildConfiguration section */

/* Begin XCConfigurationList section */
		6DA1AEDA14267FA66D016695 /* Build configuration list for PBXNativeTarget "LongShotTests" */ = {
			isa = XCConfigurationList;
			buildConfigurations = (
				3227E03CE0F3997251EE65B4 /* Debug */,
				C5894E49FFF5D9766E15BD67 /* Release */,
			);
			defaultConfigurationIsVisible = 0;
			defaultConfigurationName = Debug;
		};
		867862CF2E4471F6D6AF68CC /* Build configuration list for PBXProject "LongShot" */ = {
			isa = XCConfigurationList;
			buildConfigurations = (
				C3009FE43D0162C1A262B21F /* Debug */,
				EC7B708803D9DAF598C1178D /* Release */,
			);
			defaultConfigurationIsVisible = 0;
			defaultConfigurationName = Debug;
		};
		F74B4A6FBC98D790DD9B1DC0 /* Build configuration list for PBXNativeTarget "LongShot" */ = {
			isa = XCConfigurationList;
			buildConfigurations = (
				A66DA220B962A316F358443D /* Debug */,
				A7BA3593BB261A17E0D49851 /* Release */,
			);
			defaultConfigurationIsVisible = 0;
			defaultConfigurationName = Debug;
		};
/* End XCConfigurationList section */
	};
	rootObject = C35E8B050CF13A0003FA0D6E /* Project object */;
}
